// !$*UTF8*$!
{
	archiveVersion = 1;
	classes = {
	};
	objectVersion = 48;
	objects = {

/* Begin PBXBuildFile section */
		22224E1A1F51767200EC34BE /* tuple.hpp in Headers */ = {isa = PBXBuildFile; fileRef = 22224E181F51767200EC34BE /* tuple.hpp */; settings = {ATTRIBUTES = (Public, ); }; };
		22224E1E1F517A9900EC34BE /* type_traits.hpp in Headers */ = {isa = PBXBuildFile; fileRef = 22224E1C1F517A9900EC34BE /* type_traits.hpp */; settings = {ATTRIBUTES = (Public, ); }; };
		223A8E0F1F729CC900521141 /* test_shared_future.mm in Sources */ = {isa = PBXBuildFile; fileRef = 223A8E0E1F729CC900521141 /* test_shared_future.mm */; };
		225188411F51BBBF00C27B36 /* test_assoc_sub_state.mm in Sources */ = {isa = PBXBuildFile; fileRef = 225188401F51BBBF00C27B36 /* test_assoc_sub_state.mm */; };
		2251AA2E1F4F0C7F00423F6C /* future.framework in Frameworks */ = {isa = PBXBuildFile; fileRef = 2251AA241F4F0C7F00423F6C /* future.framework */; };
		2251AA351F4F0C7F00423F6C /* future.h in Headers */ = {isa = PBXBuildFile; fileRef = 2251AA271F4F0C7F00423F6C /* future.h */; settings = {ATTRIBUTES = (Public, ); }; };
		2251AA401F4F0C9200423F6C /* future.cpp in Sources */ = {isa = PBXBuildFile; fileRef = 2251AA3E1F4F0C9200423F6C /* future.cpp */; };
		2251AA411F4F0C9200423F6C /* future.hpp in Headers */ = {isa = PBXBuildFile; fileRef = 2251AA3F1F4F0C9200423F6C /* future.hpp */; settings = {ATTRIBUTES = (Public, ); }; };
		226B4926211A0F800070009A /* debug.cpp in Sources */ = {isa = PBXBuildFile; fileRef = 22FDFB631F50D89E00B60E42 /* debug.cpp */; };
		226B4927211A0F800070009A /* future.cpp in Sources */ = {isa = PBXBuildFile; fileRef = 2251AA3E1F4F0C9200423F6C /* future.cpp */; };
		226B4928211A0F800070009A /* memory.cpp in Sources */ = {isa = PBXBuildFile; fileRef = 22BC43141F501A330008AEC5 /* memory.cpp */; };
		226B4929211A0F800070009A /* system_error.cpp in Sources */ = {isa = PBXBuildFile; fileRef = 22BC43281F5055F50008AEC5 /* system_error.cpp */; };
		226B492A211A0F800070009A /* thread.cpp in Sources */ = {isa = PBXBuildFile; fileRef = 22BC43201F502B6C0008AEC5 /* thread.cpp */; };
		2280E4AD1F544073004E5D82 /* test_launch.mm in Sources */ = {isa = PBXBuildFile; fileRef = 2280E4AC1F544073004E5D82 /* test_launch.mm */; };
		2280E4AF1F54499B004E5D82 /* test_future.mm in Sources */ = {isa = PBXBuildFile; fileRef = 2280E4AE1F54499B004E5D82 /* test_future.mm */; };
		2280E4B11F546A02004E5D82 /* test_packaged_task_function.mm in Sources */ = {isa = PBXBuildFile; fileRef = 2280E4B01F546A02004E5D82 /* test_packaged_task_function.mm */; };
		2281E88920CAE35B00703484 /* function2.hpp in Headers */ = {isa = PBXBuildFile; fileRef = 2281E88420CAE35B00703484 /* function2.hpp */; settings = {ATTRIBUTES = (Public, ); }; };
		2281E88A20CAE35B00703484 /* function2.hpp in Headers */ = {isa = PBXBuildFile; fileRef = 2281E88420CAE35B00703484 /* function2.hpp */; settings = {ATTRIBUTES = (Public, ); }; };
		22BB850F1F7E8C5100CF95DE /* debug.hpp in Headers */ = {isa = PBXBuildFile; fileRef = 22FDFB641F50D89E00B60E42 /* debug.hpp */; settings = {ATTRIBUTES = (Public, ); }; };
		22BB85101F7E8C5600CF95DE /* future.h in Headers */ = {isa = PBXBuildFile; fileRef = 2251AA271F4F0C7F00423F6C /* future.h */; settings = {ATTRIBUTES = (Public, ); }; };
		22BB85111F7E8C6400CF95DE /* debug.cpp in Sources */ = {isa = PBXBuildFile; fileRef = 22FDFB631F50D89E00B60E42 /* debug.cpp */; };
		22BB85121F7E8C6A00CF95DE /* future.cpp in Sources */ = {isa = PBXBuildFile; fileRef = 2251AA3E1F4F0C9200423F6C /* future.cpp */; };
		22BB85131F7E8C7400CF95DE /* future.hpp in Headers */ = {isa = PBXBuildFile; fileRef = 2251AA3F1F4F0C9200423F6C /* future.hpp */; settings = {ATTRIBUTES = (Public, ); }; };
		22BB85141F7E8C7900CF95DE /* memory.cpp in Sources */ = {isa = PBXBuildFile; fileRef = 22BC43141F501A330008AEC5 /* memory.cpp */; };
		22BB85151F7E8C7D00CF95DE /* memory.hpp in Headers */ = {isa = PBXBuildFile; fileRef = 22BC43151F501A330008AEC5 /* memory.hpp */; settings = {ATTRIBUTES = (Public, ); }; };
		22BB85161F7E8C8200CF95DE /* system_error.cpp in Sources */ = {isa = PBXBuildFile; fileRef = 22BC43281F5055F50008AEC5 /* system_error.cpp */; };
		22BB85171F7E8C8500CF95DE /* system_error.hpp in Headers */ = {isa = PBXBuildFile; fileRef = 22BC43251F502DE10008AEC5 /* system_error.hpp */; settings = {ATTRIBUTES = (Public, ); }; };
		22BB85181F7E8C8900CF95DE /* thread.cpp in Sources */ = {isa = PBXBuildFile; fileRef = 22BC43201F502B6C0008AEC5 /* thread.cpp */; };
		22BB85191F7E8C9300CF95DE /* thread.hpp in Headers */ = {isa = PBXBuildFile; fileRef = 22BC43211F502B6C0008AEC5 /* thread.hpp */; settings = {ATTRIBUTES = (Public, ); }; };
		22BB851A1F7E8C9700CF95DE /* tuple.hpp in Headers */ = {isa = PBXBuildFile; fileRef = 22224E181F51767200EC34BE /* tuple.hpp */; settings = {ATTRIBUTES = (Public, ); }; };
		22BB851B1F7E8C9C00CF95DE /* type_traits.hpp in Headers */ = {isa = PBXBuildFile; fileRef = 22224E1C1F517A9900EC34BE /* type_traits.hpp */; settings = {ATTRIBUTES = (Public, ); }; };
		22BB85251F7E8CE500CF95DE /* future.framework in Frameworks */ = {isa = PBXBuildFile; fileRef = 22BB85061F7E8B2300CF95DE /* future.framework */; };
		22BB852B1F7E8D2E00CF95DE /* test_assoc_state.mm in Sources */ = {isa = PBXBuildFile; fileRef = 22DE7AC21F556A2100F4E3E9 /* test_assoc_state.mm */; };
		22BB852C1F7E8D3000CF95DE /* test_assoc_sub_state.mm in Sources */ = {isa = PBXBuildFile; fileRef = 225188401F51BBBF00C27B36 /* test_assoc_sub_state.mm */; };
		22BB852D1F7E8D3400CF95DE /* test_compressed_pair.mm in Sources */ = {isa = PBXBuildFile; fileRef = 22BDF50D1F715E68002E9323 /* test_compressed_pair.mm */; };
		22BB852E1F7E8D3700CF95DE /* test_future.mm in Sources */ = {isa = PBXBuildFile; fileRef = 2280E4AE1F54499B004E5D82 /* test_future.mm */; };
		22BB852F1F7E8D3A00CF95DE /* test_launch.mm in Sources */ = {isa = PBXBuildFile; fileRef = 2280E4AC1F544073004E5D82 /* test_launch.mm */; };
		22BB85301F7E8D3D00CF95DE /* test_packaged_task_function.mm in Sources */ = {isa = PBXBuildFile; fileRef = 2280E4B01F546A02004E5D82 /* test_packaged_task_function.mm */; };
		22BB85311F7E8D4100CF95DE /* test_shared_future.mm in Sources */ = {isa = PBXBuildFile; fileRef = 223A8E0E1F729CC900521141 /* test_shared_future.mm */; };
		22BC43161F501A330008AEC5 /* memory.cpp in Sources */ = {isa = PBXBuildFile; fileRef = 22BC43141F501A330008AEC5 /* memory.cpp */; };
		22BC43171F501A330008AEC5 /* memory.hpp in Headers */ = {isa = PBXBuildFile; fileRef = 22BC43151F501A330008AEC5 /* memory.hpp */; settings = {ATTRIBUTES = (Public, ); }; };
		22BC43221F502B6C0008AEC5 /* thread.cpp in Sources */ = {isa = PBXBuildFile; fileRef = 22BC43201F502B6C0008AEC5 /* thread.cpp */; };
		22BC43231F502B6C0008AEC5 /* thread.hpp in Headers */ = {isa = PBXBuildFile; fileRef = 22BC43211F502B6C0008AEC5 /* thread.hpp */; settings = {ATTRIBUTES = (Public, ); }; };
		22BC43271F502DE10008AEC5 /* system_error.hpp in Headers */ = {isa = PBXBuildFile; fileRef = 22BC43251F502DE10008AEC5 /* system_error.hpp */; settings = {ATTRIBUTES = (Public, ); }; };
		22BC43291F5055F50008AEC5 /* system_error.cpp in Sources */ = {isa = PBXBuildFile; fileRef = 22BC43281F5055F50008AEC5 /* system_error.cpp */; };
		22BDF50E1F715E68002E9323 /* test_compressed_pair.mm in Sources */ = {isa = PBXBuildFile; fileRef = 22BDF50D1F715E68002E9323 /* test_compressed_pair.mm */; };
		22DE7AC31F556A2100F4E3E9 /* test_assoc_state.mm in Sources */ = {isa = PBXBuildFile; fileRef = 22DE7AC21F556A2100F4E3E9 /* test_assoc_state.mm */; };
		22FDFB651F50D89E00B60E42 /* debug.cpp in Sources */ = {isa = PBXBuildFile; fileRef = 22FDFB631F50D89E00B60E42 /* debug.cpp */; };
		22FDFB661F50D89E00B60E42 /* debug.hpp in Headers */ = {isa = PBXBuildFile; fileRef = 22FDFB641F50D89E00B60E42 /* debug.hpp */; settings = {ATTRIBUTES = (Public, ); }; };
/* End PBXBuildFile section */

/* Begin PBXContainerItemProxy section */
		2251AA2F1F4F0C7F00423F6C /* PBXContainerItemProxy */ = {
			isa = PBXContainerItemProxy;
			containerPortal = 2251AA1B1F4F0C7F00423F6C /* Project object */;
			proxyType = 1;
			remoteGlobalIDString = 2251AA231F4F0C7F00423F6C;
			remoteInfo = future;
		};
		22BB85261F7E8CE500CF95DE /* PBXContainerItemProxy */ = {
			isa = PBXContainerItemProxy;
			containerPortal = 2251AA1B1F4F0C7F00423F6C /* Project object */;
			proxyType = 1;
			remoteGlobalIDString = 22BB85051F7E8B2300CF95DE;
			remoteInfo = macfuture;
		};
/* End PBXContainerItemProxy section */

/* Begin PBXCopyFilesBuildPhase section */
		226B491B211A0F530070009A /* CopyFiles */ = {
			isa = PBXCopyFilesBuildPhase;
			buildActionMask = 2147483647;
			dstPath = "include/$(PRODUCT_NAME)";
			dstSubfolderSpec = 16;
			files = (
			);
			runOnlyForDeploymentPostprocessing = 0;
		};
/* End PBXCopyFilesBuildPhase section */

/* Begin PBXFileReference section */
		22224E181F51767200EC34BE /* tuple.hpp */ = {isa = PBXFileReference; lastKnownFileType = sourcecode.cpp.h; path = tuple.hpp; sourceTree = "<group>"; };
		22224E1C1F517A9900EC34BE /* type_traits.hpp */ = {isa = PBXFileReference; lastKnownFileType = sourcecode.cpp.h; path = type_traits.hpp; sourceTree = "<group>"; };
		223A8E0E1F729CC900521141 /* test_shared_future.mm */ = {isa = PBXFileReference; lastKnownFileType = sourcecode.cpp.objcpp; path = test_shared_future.mm; sourceTree = "<group>"; };
		225188401F51BBBF00C27B36 /* test_assoc_sub_state.mm */ = {isa = PBXFileReference; lastKnownFileType = sourcecode.cpp.objcpp; path = test_assoc_sub_state.mm; sourceTree = "<group>"; };
		2251AA241F4F0C7F00423F6C /* future.framework */ = {isa = PBXFileReference; explicitFileType = wrapper.framework; includeInIndex = 0; path = future.framework; sourceTree = BUILT_PRODUCTS_DIR; };
		2251AA271F4F0C7F00423F6C /* future.h */ = {isa = PBXFileReference; lastKnownFileType = sourcecode.c.h; path = future.h; sourceTree = "<group>"; };
		2251AA281F4F0C7F00423F6C /* Info.plist */ = {isa = PBXFileReference; lastKnownFileType = text.plist.xml; path = Info.plist; sourceTree = "<group>"; };
		2251AA2D1F4F0C7F00423F6C /* futureTests.xctest */ = {isa = PBXFileReference; explicitFileType = wrapper.cfbundle; includeInIndex = 0; path = futureTests.xctest; sourceTree = BUILT_PRODUCTS_DIR; };
		2251AA341F4F0C7F00423F6C /* Info.plist */ = {isa = PBXFileReference; lastKnownFileType = text.plist.xml; path = Info.plist; sourceTree = "<group>"; };
		2251AA3E1F4F0C9200423F6C /* future.cpp */ = {isa = PBXFileReference; explicitFileType = sourcecode.cpp.objcpp; path = future.cpp; sourceTree = "<group>"; };
		2251AA3F1F4F0C9200423F6C /* future.hpp */ = {isa = PBXFileReference; lastKnownFileType = sourcecode.cpp.h; path = future.hpp; sourceTree = "<group>"; };
		226B491D211A0F530070009A /* libfuture_ios.a */ = {isa = PBXFileReference; explicitFileType = archive.ar; includeInIndex = 0; path = libfuture_ios.a; sourceTree = BUILT_PRODUCTS_DIR; };
		2280E4AC1F544073004E5D82 /* test_launch.mm */ = {isa = PBXFileReference; lastKnownFileType = sourcecode.cpp.objcpp; path = test_launch.mm; sourceTree = "<group>"; };
		2280E4AE1F54499B004E5D82 /* test_future.mm */ = {isa = PBXFileReference; lastKnownFileType = sourcecode.cpp.objcpp; path = test_future.mm; sourceTree = "<group>"; };
		2280E4B01F546A02004E5D82 /* test_packaged_task_function.mm */ = {isa = PBXFileReference; lastKnownFileType = sourcecode.cpp.objcpp; path = test_packaged_task_function.mm; sourceTree = "<group>"; };
		2281E88420CAE35B00703484 /* function2.hpp */ = {isa = PBXFileReference; lastKnownFileType = sourcecode.cpp.h; path = function2.hpp; sourceTree = "<group>"; };
		22BB85061F7E8B2300CF95DE /* future.framework */ = {isa = PBXFileReference; explicitFileType = wrapper.framework; includeInIndex = 0; path = future.framework; sourceTree = BUILT_PRODUCTS_DIR; };
		22BB85201F7E8CE500CF95DE /* macfutureTests.xctest */ = {isa = PBXFileReference; explicitFileType = wrapper.cfbundle; includeInIndex = 0; path = macfutureTests.xctest; sourceTree = BUILT_PRODUCTS_DIR; };
		22BC43141F501A330008AEC5 /* memory.cpp */ = {isa = PBXFileReference; lastKnownFileType = sourcecode.cpp.cpp; path = memory.cpp; sourceTree = "<group>"; };
		22BC43151F501A330008AEC5 /* memory.hpp */ = {isa = PBXFileReference; lastKnownFileType = sourcecode.cpp.h; path = memory.hpp; sourceTree = "<group>"; };
		22BC43201F502B6C0008AEC5 /* thread.cpp */ = {isa = PBXFileReference; lastKnownFileType = sourcecode.cpp.cpp; path = thread.cpp; sourceTree = "<group>"; };
		22BC43211F502B6C0008AEC5 /* thread.hpp */ = {isa = PBXFileReference; lastKnownFileType = sourcecode.cpp.h; path = thread.hpp; sourceTree = "<group>"; };
		22BC43251F502DE10008AEC5 /* system_error.hpp */ = {isa = PBXFileReference; lastKnownFileType = sourcecode.cpp.h; path = system_error.hpp; sourceTree = "<group>"; };
		22BC43281F5055F50008AEC5 /* system_error.cpp */ = {isa = PBXFileReference; lastKnownFileType = sourcecode.cpp.cpp; path = system_error.cpp; sourceTree = "<group>"; };
		22BDF50D1F715E68002E9323 /* test_compressed_pair.mm */ = {isa = PBXFileReference; lastKnownFileType = sourcecode.cpp.objcpp; path = test_compressed_pair.mm; sourceTree = "<group>"; };
		22DE7AC21F556A2100F4E3E9 /* test_assoc_state.mm */ = {isa = PBXFileReference; lastKnownFileType = sourcecode.cpp.objcpp; path = test_assoc_state.mm; sourceTree = "<group>"; };
		22FDFB631F50D89E00B60E42 /* debug.cpp */ = {isa = PBXFileReference; lastKnownFileType = sourcecode.cpp.cpp; path = debug.cpp; sourceTree = "<group>"; };
		22FDFB641F50D89E00B60E42 /* debug.hpp */ = {isa = PBXFileReference; lastKnownFileType = sourcecode.cpp.h; path = debug.hpp; sourceTree = "<group>"; };
/* End PBXFileReference section */

/* Begin PBXFrameworksBuildPhase section */
		2251AA201F4F0C7F00423F6C /* Frameworks */ = {
			isa = PBXFrameworksBuildPhase;
			buildActionMask = 2147483647;
			files = (
			);
			runOnlyForDeploymentPostprocessing = 0;
		};
		2251AA2A1F4F0C7F00423F6C /* Frameworks */ = {
			isa = PBXFrameworksBuildPhase;
			buildActionMask = 2147483647;
			files = (
				2251AA2E1F4F0C7F00423F6C /* future.framework in Frameworks */,
			);
			runOnlyForDeploymentPostprocessing = 0;
		};
		226B491A211A0F530070009A /* Frameworks */ = {
			isa = PBXFrameworksBuildPhase;
			buildActionMask = 2147483647;
			files = (
			);
			runOnlyForDeploymentPostprocessing = 0;
		};
		22BB85021F7E8B2300CF95DE /* Frameworks */ = {
			isa = PBXFrameworksBuildPhase;
			buildActionMask = 2147483647;
			files = (
			);
			runOnlyForDeploymentPostprocessing = 0;
		};
		22BB851D1F7E8CE500CF95DE /* Frameworks */ = {
			isa = PBXFrameworksBuildPhase;
			buildActionMask = 2147483647;
			files = (
				22BB85251F7E8CE500CF95DE /* future.framework in Frameworks */,
			);
			runOnlyForDeploymentPostprocessing = 0;
		};
/* End PBXFrameworksBuildPhase section */

/* Begin PBXGroup section */
		2251AA1A1F4F0C7F00423F6C = {
			isa = PBXGroup;
			children = (
				2251AA261F4F0C7F00423F6C /* future */,
				2251AA311F4F0C7F00423F6C /* futureTests */,
				2251AA251F4F0C7F00423F6C /* Products */,
			);
			sourceTree = "<group>";
		};
		2251AA251F4F0C7F00423F6C /* Products */ = {
			isa = PBXGroup;
			children = (
				2251AA241F4F0C7F00423F6C /* future.framework */,
				2251AA2D1F4F0C7F00423F6C /* futureTests.xctest */,
				22BB85061F7E8B2300CF95DE /* future.framework */,
				22BB85201F7E8CE500CF95DE /* macfutureTests.xctest */,
				226B491D211A0F530070009A /* libfuture_ios.a */,
			);
			name = Products;
			sourceTree = "<group>";
		};
		2251AA261F4F0C7F00423F6C /* future */ = {
			isa = PBXGroup;
			children = (
				2251AA271F4F0C7F00423F6C /* future.h */,
				22FDFB631F50D89E00B60E42 /* debug.cpp */,
				22FDFB641F50D89E00B60E42 /* debug.hpp */,
				2281E88420CAE35B00703484 /* function2.hpp */,
				2251AA3E1F4F0C9200423F6C /* future.cpp */,
				2251AA3F1F4F0C9200423F6C /* future.hpp */,
				2251AA281F4F0C7F00423F6C /* Info.plist */,
				22BC43141F501A330008AEC5 /* memory.cpp */,
				22BC43151F501A330008AEC5 /* memory.hpp */,
				22BC43281F5055F50008AEC5 /* system_error.cpp */,
				22BC43251F502DE10008AEC5 /* system_error.hpp */,
				22BC43201F502B6C0008AEC5 /* thread.cpp */,
				22BC43211F502B6C0008AEC5 /* thread.hpp */,
				22224E181F51767200EC34BE /* tuple.hpp */,
				22224E1C1F517A9900EC34BE /* type_traits.hpp */,
			);
			path = future;
			sourceTree = "<group>";
		};
		2251AA311F4F0C7F00423F6C /* futureTests */ = {
			isa = PBXGroup;
			children = (
				2251AA341F4F0C7F00423F6C /* Info.plist */,
				22DE7AC21F556A2100F4E3E9 /* test_assoc_state.mm */,
				225188401F51BBBF00C27B36 /* test_assoc_sub_state.mm */,
				22BDF50D1F715E68002E9323 /* test_compressed_pair.mm */,
				2280E4AE1F54499B004E5D82 /* test_future.mm */,
				2280E4AC1F544073004E5D82 /* test_launch.mm */,
				2280E4B01F546A02004E5D82 /* test_packaged_task_function.mm */,
				223A8E0E1F729CC900521141 /* test_shared_future.mm */,
			);
			path = futureTests;
			sourceTree = "<group>";
		};
/* End PBXGroup section */

/* Begin PBXHeadersBuildPhase section */
		2251AA211F4F0C7F00423F6C /* Headers */ = {
			isa = PBXHeadersBuildPhase;
			buildActionMask = 2147483647;
			files = (
				22BC43271F502DE10008AEC5 /* system_error.hpp in Headers */,
				22BC43231F502B6C0008AEC5 /* thread.hpp in Headers */,
				22BC43171F501A330008AEC5 /* memory.hpp in Headers */,
				2251AA351F4F0C7F00423F6C /* future.h in Headers */,
				22224E1A1F51767200EC34BE /* tuple.hpp in Headers */,
				22224E1E1F517A9900EC34BE /* type_traits.hpp in Headers */,
				2281E88920CAE35B00703484 /* function2.hpp in Headers */,
				22FDFB661F50D89E00B60E42 /* debug.hpp in Headers */,
				2251AA411F4F0C9200423F6C /* future.hpp in Headers */,
			);
			runOnlyForDeploymentPostprocessing = 0;
		};
		22BB85031F7E8B2300CF95DE /* Headers */ = {
			isa = PBXHeadersBuildPhase;
			buildActionMask = 2147483647;
			files = (
				22BB85151F7E8C7D00CF95DE /* memory.hpp in Headers */,
				22BB851A1F7E8C9700CF95DE /* tuple.hpp in Headers */,
				22BB850F1F7E8C5100CF95DE /* debug.hpp in Headers */,
				22BB85191F7E8C9300CF95DE /* thread.hpp in Headers */,
				22BB85101F7E8C5600CF95DE /* future.h in Headers */,
				22BB85171F7E8C8500CF95DE /* system_error.hpp in Headers */,
				2281E88A20CAE35B00703484 /* function2.hpp in Headers */,
				22BB851B1F7E8C9C00CF95DE /* type_traits.hpp in Headers */,
				22BB85131F7E8C7400CF95DE /* future.hpp in Headers */,
			);
			runOnlyForDeploymentPostprocessing = 0;
		};
/* End PBXHeadersBuildPhase section */

/* Begin PBXNativeTarget section */
		2251AA231F4F0C7F00423F6C /* future */ = {
			isa = PBXNativeTarget;
			buildConfigurationList = 2251AA381F4F0C7F00423F6C /* Build configuration list for PBXNativeTarget "future" */;
			buildPhases = (
				2251AA1F1F4F0C7F00423F6C /* Sources */,
				2251AA201F4F0C7F00423F6C /* Frameworks */,
				2251AA211F4F0C7F00423F6C /* Headers */,
				2251AA221F4F0C7F00423F6C /* Resources */,
			);
			buildRules = (
			);
			dependencies = (
			);
			name = future;
			productName = future;
			productReference = 2251AA241F4F0C7F00423F6C /* future.framework */;
			productType = "com.apple.product-type.framework";
		};
		2251AA2C1F4F0C7F00423F6C /* futureTests */ = {
			isa = PBXNativeTarget;
			buildConfigurationList = 2251AA3B1F4F0C7F00423F6C /* Build configuration list for PBXNativeTarget "futureTests" */;
			buildPhases = (
				2251AA291F4F0C7F00423F6C /* Sources */,
				2251AA2A1F4F0C7F00423F6C /* Frameworks */,
				2251AA2B1F4F0C7F00423F6C /* Resources */,
			);
			buildRules = (
			);
			dependencies = (
				2251AA301F4F0C7F00423F6C /* PBXTargetDependency */,
			);
			name = futureTests;
			productName = futureTests;
			productReference = 2251AA2D1F4F0C7F00423F6C /* futureTests.xctest */;
			productType = "com.apple.product-type.bundle.unit-test";
		};
		226B491C211A0F530070009A /* future_ios */ = {
			isa = PBXNativeTarget;
			buildConfigurationList = 226B4923211A0F540070009A /* Build configuration list for PBXNativeTarget "future_ios" */;
			buildPhases = (
				226B4919211A0F530070009A /* Sources */,
				226B491A211A0F530070009A /* Frameworks */,
				226B491B211A0F530070009A /* CopyFiles */,
			);
			buildRules = (
			);
			dependencies = (
			);
			name = future_ios;
			productName = future_ios;
			productReference = 226B491D211A0F530070009A /* libfuture_ios.a */;
			productType = "com.apple.product-type.library.static";
		};
		22BB85051F7E8B2300CF95DE /* macfuture */ = {
			isa = PBXNativeTarget;
			buildConfigurationList = 22BB850D1F7E8B2300CF95DE /* Build configuration list for PBXNativeTarget "macfuture" */;
			buildPhases = (
				22BB85011F7E8B2300CF95DE /* Sources */,
				22BB85021F7E8B2300CF95DE /* Frameworks */,
				22BB85031F7E8B2300CF95DE /* Headers */,
				22BB85041F7E8B2300CF95DE /* Resources */,
			);
			buildRules = (
			);
			dependencies = (
			);
			name = macfuture;
			productName = macfuture;
			productReference = 22BB85061F7E8B2300CF95DE /* future.framework */;
			productType = "com.apple.product-type.framework";
		};
		22BB851F1F7E8CE500CF95DE /* macfutureTests */ = {
			isa = PBXNativeTarget;
			buildConfigurationList = 22BB85281F7E8CE500CF95DE /* Build configuration list for PBXNativeTarget "macfutureTests" */;
			buildPhases = (
				22BB851C1F7E8CE500CF95DE /* Sources */,
				22BB851D1F7E8CE500CF95DE /* Frameworks */,
				22BB851E1F7E8CE500CF95DE /* Resources */,
			);
			buildRules = (
			);
			dependencies = (
				22BB85271F7E8CE500CF95DE /* PBXTargetDependency */,
			);
			name = macfutureTests;
			productName = macfutureTests;
			productReference = 22BB85201F7E8CE500CF95DE /* macfutureTests.xctest */;
			productType = "com.apple.product-type.bundle.unit-test";
		};
/* End PBXNativeTarget section */

/* Begin PBXProject section */
		2251AA1B1F4F0C7F00423F6C /* Project object */ = {
			isa = PBXProject;
			attributes = {
				DefaultBuildSystemTypeForWorkspace = Latest;
				LastUpgradeCheck = 0930;
				ORGANIZATIONNAME = "Pretty Simple";
				TargetAttributes = {
					2251AA231F4F0C7F00423F6C = {
						CreatedOnToolsVersion = 9.0;
						ProvisioningStyle = Automatic;
					};
					2251AA2C1F4F0C7F00423F6C = {
						CreatedOnToolsVersion = 9.0;
						ProvisioningStyle = Automatic;
					};
					226B491C211A0F530070009A = {
						CreatedOnToolsVersion = 10.0;
						ProvisioningStyle = Automatic;
					};
					22BB85051F7E8B2300CF95DE = {
						CreatedOnToolsVersion = 9.0;
						ProvisioningStyle = Automatic;
					};
					22BB851F1F7E8CE500CF95DE = {
						CreatedOnToolsVersion = 9.0;
						ProvisioningStyle = Automatic;
					};
				};
			};
			buildConfigurationList = 2251AA1E1F4F0C7F00423F6C /* Build configuration list for PBXProject "future" */;
			compatibilityVersion = "Xcode 8.0";
			developmentRegion = en;
			hasScannedForEncodings = 0;
			knownRegions = (
				en,
			);
			mainGroup = 2251AA1A1F4F0C7F00423F6C;
			productRefGroup = 2251AA251F4F0C7F00423F6C /* Products */;
			projectDirPath = "";
			projectRoot = "";
			targets = (
				2251AA231F4F0C7F00423F6C /* future */,
				2251AA2C1F4F0C7F00423F6C /* futureTests */,
				22BB85051F7E8B2300CF95DE /* macfuture */,
				22BB851F1F7E8CE500CF95DE /* macfutureTests */,
				226B491C211A0F530070009A /* future_ios */,
			);
		};
/* End PBXProject section */

/* Begin PBXResourcesBuildPhase section */
		2251AA221F4F0C7F00423F6C /* Resources */ = {
			isa = PBXResourcesBuildPhase;
			buildActionMask = 2147483647;
			files = (
			);
			runOnlyForDeploymentPostprocessing = 0;
		};
		2251AA2B1F4F0C7F00423F6C /* Resources */ = {
			isa = PBXResourcesBuildPhase;
			buildActionMask = 2147483647;
			files = (
			);
			runOnlyForDeploymentPostprocessing = 0;
		};
		22BB85041F7E8B2300CF95DE /* Resources */ = {
			isa = PBXResourcesBuildPhase;
			buildActionMask = 2147483647;
			files = (
			);
			runOnlyForDeploymentPostprocessing = 0;
		};
		22BB851E1F7E8CE500CF95DE /* Resources */ = {
			isa = PBXResourcesBuildPhase;
			buildActionMask = 2147483647;
			files = (
			);
			runOnlyForDeploymentPostprocessing = 0;
		};
/* End PBXResourcesBuildPhase section */

/* Begin PBXSourcesBuildPhase section */
		2251AA1F1F4F0C7F00423F6C /* Sources */ = {
			isa = PBXSourcesBuildPhase;
			buildActionMask = 2147483647;
			files = (
				22BC43161F501A330008AEC5 /* memory.cpp in Sources */,
				22BC43221F502B6C0008AEC5 /* thread.cpp in Sources */,
				2251AA401F4F0C9200423F6C /* future.cpp in Sources */,
				22BC43291F5055F50008AEC5 /* system_error.cpp in Sources */,
				22FDFB651F50D89E00B60E42 /* debug.cpp in Sources */,
			);
			runOnlyForDeploymentPostprocessing = 0;
		};
		2251AA291F4F0C7F00423F6C /* Sources */ = {
			isa = PBXSourcesBuildPhase;
			buildActionMask = 2147483647;
			files = (
				22DE7AC31F556A2100F4E3E9 /* test_assoc_state.mm in Sources */,
				223A8E0F1F729CC900521141 /* test_shared_future.mm in Sources */,
				2280E4AD1F544073004E5D82 /* test_launch.mm in Sources */,
				225188411F51BBBF00C27B36 /* test_assoc_sub_state.mm in Sources */,
				2280E4B11F546A02004E5D82 /* test_packaged_task_function.mm in Sources */,
				22BDF50E1F715E68002E9323 /* test_compressed_pair.mm in Sources */,
				2280E4AF1F54499B004E5D82 /* test_future.mm in Sources */,
			);
			runOnlyForDeploymentPostprocessing = 0;
		};
		226B4919211A0F530070009A /* Sources */ = {
			isa = PBXSourcesBuildPhase;
			buildActionMask = 2147483647;
			files = (
				226B4926211A0F800070009A /* debug.cpp in Sources */,
				226B4927211A0F800070009A /* future.cpp in Sources */,
				226B4928211A0F800070009A /* memory.cpp in Sources */,
				226B4929211A0F800070009A /* system_error.cpp in Sources */,
				226B492A211A0F800070009A /* thread.cpp in Sources */,
			);
			runOnlyForDeploymentPostprocessing = 0;
		};
		22BB85011F7E8B2300CF95DE /* Sources */ = {
			isa = PBXSourcesBuildPhase;
			buildActionMask = 2147483647;
			files = (
				22BB85121F7E8C6A00CF95DE /* future.cpp in Sources */,
				22BB85111F7E8C6400CF95DE /* debug.cpp in Sources */,
				22BB85141F7E8C7900CF95DE /* memory.cpp in Sources */,
				22BB85161F7E8C8200CF95DE /* system_error.cpp in Sources */,
				22BB85181F7E8C8900CF95DE /* thread.cpp in Sources */,
			);
			runOnlyForDeploymentPostprocessing = 0;
		};
		22BB851C1F7E8CE500CF95DE /* Sources */ = {
			isa = PBXSourcesBuildPhase;
			buildActionMask = 2147483647;
			files = (
				22BB852E1F7E8D3700CF95DE /* test_future.mm in Sources */,
				22BB852F1F7E8D3A00CF95DE /* test_launch.mm in Sources */,
				22BB852D1F7E8D3400CF95DE /* test_compressed_pair.mm in Sources */,
				22BB852C1F7E8D3000CF95DE /* test_assoc_sub_state.mm in Sources */,
				22BB85301F7E8D3D00CF95DE /* test_packaged_task_function.mm in Sources */,
				22BB85311F7E8D4100CF95DE /* test_shared_future.mm in Sources */,
				22BB852B1F7E8D2E00CF95DE /* test_assoc_state.mm in Sources */,
			);
			runOnlyForDeploymentPostprocessing = 0;
		};
/* End PBXSourcesBuildPhase section */

/* Begin PBXTargetDependency section */
		2251AA301F4F0C7F00423F6C /* PBXTargetDependency */ = {
			isa = PBXTargetDependency;
			target = 2251AA231F4F0C7F00423F6C /* future */;
			targetProxy = 2251AA2F1F4F0C7F00423F6C /* PBXContainerItemProxy */;
		};
		22BB85271F7E8CE500CF95DE /* PBXTargetDependency */ = {
			isa = PBXTargetDependency;
			target = 22BB85051F7E8B2300CF95DE /* macfuture */;
			targetProxy = 22BB85261F7E8CE500CF95DE /* PBXContainerItemProxy */;
		};
/* End PBXTargetDependency section */

/* Begin XCBuildConfiguration section */
		2251AA361F4F0C7F00423F6C /* Debug */ = {
			isa = XCBuildConfiguration;
			buildSettings = {
				ALWAYS_SEARCH_USER_PATHS = NO;
				CLANG_ANALYZER_NONNULL = YES;
				CLANG_ANALYZER_NUMBER_OBJECT_CONVERSION = YES_AGGRESSIVE;
				CLANG_CXX_LANGUAGE_STANDARD = "c++17";
				CLANG_CXX_LIBRARY = "libc++";
				CLANG_ENABLE_MODULES = YES;
				CLANG_ENABLE_OBJC_ARC = YES;
				CLANG_ENABLE_OBJC_WEAK = YES;
				CLANG_WARN_BLOCK_CAPTURE_AUTORELEASING = YES;
				CLANG_WARN_BOOL_CONVERSION = YES;
				CLANG_WARN_COMMA = YES;
				CLANG_WARN_CONSTANT_CONVERSION = YES;
				CLANG_WARN_DEPRECATED_OBJC_IMPLEMENTATIONS = YES;
				CLANG_WARN_DIRECT_OBJC_ISA_USAGE = YES_ERROR;
				CLANG_WARN_DOCUMENTATION_COMMENTS = YES;
				CLANG_WARN_EMPTY_BODY = YES;
				CLANG_WARN_ENUM_CONVERSION = YES;
				CLANG_WARN_INFINITE_RECURSION = YES;
				CLANG_WARN_INT_CONVERSION = YES;
				CLANG_WARN_NON_LITERAL_NULL_CONVERSION = YES;
				CLANG_WARN_OBJC_IMPLICIT_RETAIN_SELF = YES;
				CLANG_WARN_OBJC_LITERAL_CONVERSION = YES;
				CLANG_WARN_OBJC_ROOT_CLASS = YES_ERROR;
				CLANG_WARN_RANGE_LOOP_ANALYSIS = YES;
				CLANG_WARN_STRICT_PROTOTYPES = YES;
				CLANG_WARN_SUSPICIOUS_MOVE = YES;
				CLANG_WARN_UNGUARDED_AVAILABILITY = YES_AGGRESSIVE;
				CLANG_WARN_UNREACHABLE_CODE = YES;
				CLANG_WARN__DUPLICATE_METHOD_MATCH = YES;
				CODE_SIGN_IDENTITY = "iPhone Developer";
				COPY_PHASE_STRIP = NO;
				CURRENT_PROJECT_VERSION = 1;
				DEBUG_INFORMATION_FORMAT = dwarf;
				ENABLE_STRICT_OBJC_MSGSEND = YES;
				ENABLE_TESTABILITY = YES;
				GCC_C_LANGUAGE_STANDARD = c11;
				GCC_DYNAMIC_NO_PIC = NO;
				GCC_INLINES_ARE_PRIVATE_EXTERN = YES;
				GCC_NO_COMMON_BLOCKS = YES;
				GCC_OPTIMIZATION_LEVEL = 0;
				GCC_PREPROCESSOR_DEFINITIONS = (
					"DEBUG=1",
					"$(inherited)",
				);
				GCC_SYMBOLS_PRIVATE_EXTERN = YES;
				GCC_WARN_64_TO_32_BIT_CONVERSION = YES;
				GCC_WARN_ABOUT_RETURN_TYPE = YES_ERROR;
				GCC_WARN_UNDECLARED_SELECTOR = YES;
				GCC_WARN_UNINITIALIZED_AUTOS = YES_AGGRESSIVE;
				GCC_WARN_UNUSED_FUNCTION = YES;
				GCC_WARN_UNUSED_VARIABLE = YES;
				IPHONEOS_DEPLOYMENT_TARGET = 9.0;
				MACOSX_DEPLOYMENT_TARGET = 10.13;
				MTL_ENABLE_DEBUG_INFO = YES;
				ONLY_ACTIVE_ARCH = YES;
				OTHER_CPLUSPLUSFLAGS = (
					"$(OTHER_CFLAGS)",
					"-fno-aligned-allocation",
				);
				SDKROOT = iphoneos;
				VERSIONING_SYSTEM = "apple-generic";
				VERSION_INFO_PREFIX = "";
				WARNING_CFLAGS = (
					"-Weverything",
					"-Wno-c++98-compat",
					"-Wno-c++98-compat-pedantic",
					"-Wno-c++11-compat",
					"-Wno-c++11-compat-pedantic",
					"-Wno-c++14-compat",
					"-Wno-c++14-compat-pedantic",
					"-Wno-padded",
					"-Wno-documentation-unknown-command",
					"-Wno-documentation",
					"-Wno-auto-import",
					"-Wno-over-aligned",
				);
			};
			name = Debug;
		};
		2251AA371F4F0C7F00423F6C /* Release */ = {
			isa = XCBuildConfiguration;
			buildSettings = {
				ALWAYS_SEARCH_USER_PATHS = NO;
				CLANG_ANALYZER_NONNULL = YES;
				CLANG_ANALYZER_NUMBER_OBJECT_CONVERSION = YES_AGGRESSIVE;
				CLANG_CXX_LANGUAGE_STANDARD = "c++17";
				CLANG_CXX_LIBRARY = "libc++";
				CLANG_ENABLE_MODULES = YES;
				CLANG_ENABLE_OBJC_ARC = YES;
				CLANG_ENABLE_OBJC_WEAK = YES;
				CLANG_WARN_BLOCK_CAPTURE_AUTORELEASING = YES;
				CLANG_WARN_BOOL_CONVERSION = YES;
				CLANG_WARN_COMMA = YES;
				CLANG_WARN_CONSTANT_CONVERSION = YES;
				CLANG_WARN_DEPRECATED_OBJC_IMPLEMENTATIONS = YES;
				CLANG_WARN_DIRECT_OBJC_ISA_USAGE = YES_ERROR;
				CLANG_WARN_DOCUMENTATION_COMMENTS = YES;
				CLANG_WARN_EMPTY_BODY = YES;
				CLANG_WARN_ENUM_CONVERSION = YES;
				CLANG_WARN_INFINITE_RECURSION = YES;
				CLANG_WARN_INT_CONVERSION = YES;
				CLANG_WARN_NON_LITERAL_NULL_CONVERSION = YES;
				CLANG_WARN_OBJC_IMPLICIT_RETAIN_SELF = YES;
				CLANG_WARN_OBJC_LITERAL_CONVERSION = YES;
				CLANG_WARN_OBJC_ROOT_CLASS = YES_ERROR;
				CLANG_WARN_RANGE_LOOP_ANALYSIS = YES;
				CLANG_WARN_STRICT_PROTOTYPES = YES;
				CLANG_WARN_SUSPICIOUS_MOVE = YES;
				CLANG_WARN_UNGUARDED_AVAILABILITY = YES_AGGRESSIVE;
				CLANG_WARN_UNREACHABLE_CODE = YES;
				CLANG_WARN__DUPLICATE_METHOD_MATCH = YES;
				CODE_SIGN_IDENTITY = "iPhone Developer";
				COPY_PHASE_STRIP = NO;
				CURRENT_PROJECT_VERSION = 1;
				DEBUG_INFORMATION_FORMAT = "dwarf-with-dsym";
				ENABLE_NS_ASSERTIONS = NO;
				ENABLE_STRICT_OBJC_MSGSEND = YES;
				GCC_C_LANGUAGE_STANDARD = c11;
				GCC_INLINES_ARE_PRIVATE_EXTERN = YES;
				GCC_NO_COMMON_BLOCKS = YES;
				GCC_OPTIMIZATION_LEVEL = fast;
				GCC_SYMBOLS_PRIVATE_EXTERN = YES;
				GCC_UNROLL_LOOPS = YES;
				GCC_WARN_64_TO_32_BIT_CONVERSION = YES;
				GCC_WARN_ABOUT_RETURN_TYPE = YES_ERROR;
				GCC_WARN_UNDECLARED_SELECTOR = YES;
				GCC_WARN_UNINITIALIZED_AUTOS = YES_AGGRESSIVE;
				GCC_WARN_UNUSED_FUNCTION = YES;
				GCC_WARN_UNUSED_VARIABLE = YES;
				IPHONEOS_DEPLOYMENT_TARGET = 9.0;
				LLVM_LTO = YES_THIN;
				MACOSX_DEPLOYMENT_TARGET = 10.13;
				MTL_ENABLE_DEBUG_INFO = NO;
				OTHER_CPLUSPLUSFLAGS = (
					"$(OTHER_CFLAGS)",
					"-fno-aligned-allocation",
				);
				SDKROOT = iphoneos;
				VALIDATE_PRODUCT = YES;
				VERSIONING_SYSTEM = "apple-generic";
				VERSION_INFO_PREFIX = "";
				WARNING_CFLAGS = (
					"-Weverything",
					"-Wno-c++98-compat",
					"-Wno-c++98-compat-pedantic",
					"-Wno-c++11-compat",
					"-Wno-c++11-compat-pedantic",
					"-Wno-c++14-compat",
					"-Wno-c++14-compat-pedantic",
					"-Wno-padded",
					"-Wno-documentation-unknown-command",
					"-Wno-documentation",
					"-Wno-auto-import",
					"-Wno-over-aligned",
				);
			};
			name = Release;
		};
		2251AA391F4F0C7F00423F6C /* Debug */ = {
			isa = XCBuildConfiguration;
			buildSettings = {
				CODE_SIGN_IDENTITY = "";
				CODE_SIGN_STYLE = Automatic;
				DEFINES_MODULE = YES;
				DEVELOPMENT_TEAM = MWLR2HTMFW;
				DYLIB_COMPATIBILITY_VERSION = 1;
				DYLIB_CURRENT_VERSION = 1;
				DYLIB_INSTALL_NAME_BASE = "@rpath";
				INFOPLIST_FILE = future/Info.plist;
				INSTALL_PATH = "$(LOCAL_LIBRARY_DIR)/Frameworks";
				LD_RUNPATH_SEARCH_PATHS = "$(inherited) @executable_path/Frameworks @loader_path/Frameworks";
				MACH_O_TYPE = staticlib;
				PRODUCT_BUNDLE_IDENTIFIER = com.prettysimple.future;
				PRODUCT_NAME = "$(TARGET_NAME:c99extidentifier)";
				SKIP_INSTALL = YES;
				TARGETED_DEVICE_FAMILY = "1,2";
			};
			name = Debug;
		};
		2251AA3A1F4F0C7F00423F6C /* Release */ = {
			isa = XCBuildConfiguration;
			buildSettings = {
				CODE_SIGN_IDENTITY = "";
				CODE_SIGN_STYLE = Automatic;
				DEFINES_MODULE = YES;
				DEVELOPMENT_TEAM = MWLR2HTMFW;
				DYLIB_COMPATIBILITY_VERSION = 1;
				DYLIB_CURRENT_VERSION = 1;
				DYLIB_INSTALL_NAME_BASE = "@rpath";
				INFOPLIST_FILE = future/Info.plist;
				INSTALL_PATH = "$(LOCAL_LIBRARY_DIR)/Frameworks";
				LD_RUNPATH_SEARCH_PATHS = "$(inherited) @executable_path/Frameworks @loader_path/Frameworks";
				MACH_O_TYPE = staticlib;
				PRODUCT_BUNDLE_IDENTIFIER = com.prettysimple.future;
				PRODUCT_NAME = "$(TARGET_NAME:c99extidentifier)";
				SKIP_INSTALL = YES;
				TARGETED_DEVICE_FAMILY = "1,2";
			};
			name = Release;
		};
		2251AA3C1F4F0C7F00423F6C /* Debug */ = {
			isa = XCBuildConfiguration;
			buildSettings = {
				CODE_SIGN_STYLE = Automatic;
				DEVELOPMENT_TEAM = MWLR2HTMFW;
				INFOPLIST_FILE = futureTests/Info.plist;
				LD_RUNPATH_SEARCH_PATHS = "$(inherited) @executable_path/Frameworks @loader_path/Frameworks";
				PRODUCT_BUNDLE_IDENTIFIER = com.prettysimple.futureTests;
				PRODUCT_NAME = "$(TARGET_NAME)";
				TARGETED_DEVICE_FAMILY = "1,2";
				WARNING_CFLAGS = (
					"-Wall",
					"-Wno-c++98-compat",
					"-Wno-c++98-compat-pedantic",
					"-Wno-c++11-compat",
					"-Wno-c++11-compat-pedantic",
					"-Wno-c++14-compat",
					"-Wno-c++14-compat-pedantic",
					"-Wno-padded",
					"-Wno-documentation-unknown-command",
					"-Wno-documentation",
				);
			};
			name = Debug;
		};
		2251AA3D1F4F0C7F00423F6C /* Release */ = {
			isa = XCBuildConfiguration;
			buildSettings = {
				CODE_SIGN_STYLE = Automatic;
				DEVELOPMENT_TEAM = MWLR2HTMFW;
				INFOPLIST_FILE = futureTests/Info.plist;
				LD_RUNPATH_SEARCH_PATHS = "$(inherited) @executable_path/Frameworks @loader_path/Frameworks";
				PRODUCT_BUNDLE_IDENTIFIER = com.prettysimple.futureTests;
				PRODUCT_NAME = "$(TARGET_NAME)";
				TARGETED_DEVICE_FAMILY = "1,2";
				WARNING_CFLAGS = (
					"-Wall",
					"-Wno-c++98-compat",
					"-Wno-c++98-compat-pedantic",
					"-Wno-c++11-compat",
					"-Wno-c++11-compat-pedantic",
					"-Wno-c++14-compat",
					"-Wno-c++14-compat-pedantic",
					"-Wno-padded",
					"-Wno-documentation-unknown-command",
					"-Wno-documentation",
				);
			};
			name = Release;
		};
		226B4924211A0F540070009A /* Debug */ = {
			isa = XCBuildConfiguration;
			buildSettings = {
				CODE_SIGN_STYLE = Automatic;
				DEVELOPMENT_TEAM = MWLR2HTMFW;
				MTL_ENABLE_DEBUG_INFO = INCLUDE_SOURCE;
				MTL_FAST_MATH = YES;
				OTHER_LDFLAGS = "-ObjC";
				PRODUCT_NAME = "$(TARGET_NAME)";
				SKIP_INSTALL = YES;
				TARGETED_DEVICE_FAMILY = "1,2";
			};
			name = Debug;
		};
		226B4925211A0F540070009A /* Release */ = {
			isa = XCBuildConfiguration;
			buildSettings = {
				CODE_SIGN_STYLE = Automatic;
				DEVELOPMENT_TEAM = MWLR2HTMFW;
				MTL_FAST_MATH = YES;
				OTHER_LDFLAGS = "-ObjC";
				PRODUCT_NAME = "$(TARGET_NAME)";
				SKIP_INSTALL = YES;
				TARGETED_DEVICE_FAMILY = "1,2";
			};
			name = Release;
		};
		22BB850B1F7E8B2300CF95DE /* Debug */ = {
			isa = XCBuildConfiguration;
			buildSettings = {
				CODE_SIGN_IDENTITY = "";
				CODE_SIGN_STYLE = Automatic;
				DEFINES_MODULE = YES;
				DEVELOPMENT_TEAM = MWLR2HTMFW;
				DYLIB_COMPATIBILITY_VERSION = 1;
				DYLIB_CURRENT_VERSION = 1;
				DYLIB_INSTALL_NAME_BASE = "@rpath";
				FRAMEWORK_VERSION = A;
				INFOPLIST_FILE = future/Info.plist;
				INSTALL_PATH = "$(LOCAL_LIBRARY_DIR)/Frameworks";
				LD_RUNPATH_SEARCH_PATHS = "$(inherited) @executable_path/../Frameworks @loader_path/Frameworks";
				MACH_O_TYPE = staticlib;
				PRODUCT_BUNDLE_IDENTIFIER = com.prettysimple.macfuture;
				PRODUCT_NAME = future;
				SDKROOT = macosx;
				SKIP_INSTALL = YES;
			};
			name = Debug;
		};
		22BB850C1F7E8B2300CF95DE /* Release */ = {
			isa = XCBuildConfiguration;
			buildSettings = {
				CODE_SIGN_IDENTITY = "";
				CODE_SIGN_STYLE = Automatic;
				DEFINES_MODULE = YES;
				DEVELOPMENT_TEAM = MWLR2HTMFW;
				DYLIB_COMPATIBILITY_VERSION = 1;
				DYLIB_CURRENT_VERSION = 1;
				DYLIB_INSTALL_NAME_BASE = "@rpath";
				FRAMEWORK_VERSION = A;
				INFOPLIST_FILE = future/Info.plist;
				INSTALL_PATH = "$(LOCAL_LIBRARY_DIR)/Frameworks";
				LD_RUNPATH_SEARCH_PATHS = "$(inherited) @executable_path/../Frameworks @loader_path/Frameworks";
				MACH_O_TYPE = staticlib;
				PRODUCT_BUNDLE_IDENTIFIER = com.prettysimple.macfuture;
				PRODUCT_NAME = future;
				SDKROOT = macosx;
				SKIP_INSTALL = YES;
			};
			name = Release;
		};
		22BB85291F7E8CE500CF95DE /* Debug */ = {
			isa = XCBuildConfiguration;
			buildSettings = {
				CODE_SIGN_IDENTITY = "Mac Developer";
				CODE_SIGN_STYLE = Automatic;
				DEVELOPMENT_TEAM = MWLR2HTMFW;
				INFOPLIST_FILE = futureTests/Info.plist;
				LD_RUNPATH_SEARCH_PATHS = "$(inherited) @executable_path/../Frameworks @loader_path/../Frameworks";
				PRODUCT_BUNDLE_IDENTIFIER = com.prettysimple.macfutureTests;
				PRODUCT_NAME = "$(TARGET_NAME)";
				SDKROOT = macosx;
				WARNING_CFLAGS = (
					"-Wall",
					"-Wno-c++98-compat",
					"-Wno-c++98-compat-pedantic",
					"-Wno-c++11-compat",
					"-Wno-c++11-compat-pedantic",
					"-Wno-c++14-compat",
					"-Wno-c++14-compat-pedantic",
					"-Wno-padded",
					"-Wno-documentation-unknown-command",
					"-Wno-documentation",
				);
			};
			name = Debug;
		};
		22BB852A1F7E8CE500CF95DE /* Release */ = {
			isa = XCBuildConfiguration;
			buildSettings = {
				CODE_SIGN_IDENTITY = "Mac Developer";
				CODE_SIGN_STYLE = Automatic;
				DEVELOPMENT_TEAM = MWLR2HTMFW;
				INFOPLIST_FILE = futureTests/Info.plist;
				LD_RUNPATH_SEARCH_PATHS = "$(inherited) @executable_path/../Frameworks @loader_path/../Frameworks";
				PRODUCT_BUNDLE_IDENTIFIER = com.prettysimple.macfutureTests;
				PRODUCT_NAME = "$(TARGET_NAME)";
				SDKROOT = macosx;
				WARNING_CFLAGS = (
					"-Wall",
					"-Wno-c++98-compat",
					"-Wno-c++98-compat-pedantic",
					"-Wno-c++11-compat",
					"-Wno-c++11-compat-pedantic",
					"-Wno-c++14-compat",
					"-Wno-c++14-compat-pedantic",
					"-Wno-padded",
					"-Wno-documentation-unknown-command",
					"-Wno-documentation",
				);
			};
			name = Release;
		};
/* End XCBuildConfiguration section */

/* Begin XCConfigurationList section */
		2251AA1E1F4F0C7F00423F6C /* Build configuration list for PBXProject "future" */ = {
			isa = XCConfigurationList;
			buildConfigurations = (
				2251AA361F4F0C7F00423F6C /* Debug */,
				2251AA371F4F0C7F00423F6C /* Release */,
			);
			defaultConfigurationIsVisible = 0;
			defaultConfigurationName = Release;
		};
		2251AA381F4F0C7F00423F6C /* Build configuration list for PBXNativeTarget "future" */ = {
			isa = XCConfigurationList;
			buildConfigurations = (
				2251AA391F4F0C7F00423F6C /* Debug */,
				2251AA3A1F4F0C7F00423F6C /* Release */,
			);
			defaultConfigurationIsVisible = 0;
			defaultConfigurationName = Release;
		};
		2251AA3B1F4F0C7F00423F6C /* Build configuration list for PBXNativeTarget "futureTests" */ = {
			isa = XCConfigurationList;
			buildConfigurations = (
				2251AA3C1F4F0C7F00423F6C /* Debug */,
				2251AA3D1F4F0C7F00423F6C /* Release */,
			);
			defaultConfigurationIsVisible = 0;
			defaultConfigurationName = Release;
		};
		226B4923211A0F540070009A /* Build configuration list for PBXNativeTarget "future_ios" */ = {
			isa = XCConfigurationList;
			buildConfigurations = (
				226B4924211A0F540070009A /* Debug */,
				226B4925211A0F540070009A /* Release */,
			);
			defaultConfigurationIsVisible = 0;
			defaultConfigurationName = Release;
		};
		22BB850D1F7E8B2300CF95DE /* Build configuration list for PBXNativeTarget "macfuture" */ = {
			isa = XCConfigurationList;
			buildConfigurations = (
				22BB850B1F7E8B2300CF95DE /* Debug */,
				22BB850C1F7E8B2300CF95DE /* Release */,
			);
			defaultConfigurationIsVisible = 0;
			defaultConfigurationName = Release;
		};
		22BB85281F7E8CE500CF95DE /* Build configuration list for PBXNativeTarget "macfutureTests" */ = {
			isa = XCConfigurationList;
			buildConfigurations = (
				22BB85291F7E8CE500CF95DE /* Debug */,
				22BB852A1F7E8CE500CF95DE /* Release */,
			);
			defaultConfigurationIsVisible = 0;
			defaultConfigurationName = Release;
		};
/* End XCConfigurationList section */
	};
	rootObject = 2251AA1B1F4F0C7F00423F6C /* Project object */;
}
